<?xml version="1.0" encoding="utf-8"?>
<Project ToolsVersion="4.0" xmlns="http://schemas.microsoft.com/developer/msbuild/2003">
  <ItemGroup>
    <ClCompile Include="Engine\AdvancedMaterial.cpp">
      <Filter>Engine</Filter>
    </ClCompile>
    <ClCompile Include="Engine\App.cpp">
      <Filter>Engine</Filter>
    </ClCompile>
    <ClCompile Include="Engine\Camera.cpp">
      <Filter>Engine</Filter>
    </ClCompile>
    <ClCompile Include="Engine\CloudsCG.cpp">
      <Filter>Engine</Filter>
    </ClCompile>
    <ClCompile Include="Engine\CloudSystem.cpp">
      <Filter>Engine</Filter>
    </ClCompile>
    <ClCompile Include="Engine\Integrator.cpp">
      <Filter>Engine</Filter>
    </ClCompile>
    <ClCompile Include="Engine\Light.cpp">
      <Filter>Engine</Filter>
    </ClCompile>
    <ClCompile Include="Engine\main.cpp">
      <Filter>Engine</Filter>
    </ClCompile>
    <ClCompile Include="Engine\Material.cpp">
      <Filter>Engine</Filter>
    </ClCompile>
    <ClCompile Include="Engine\Mesh.cpp">
      <Filter>Engine</Filter>
    </ClCompile>
    <ClCompile Include="Engine\Ocean.cpp">
      <Filter>Engine</Filter>
    </ClCompile>
    <ClCompile Include="Engine\OceanCG.cpp">
      <Filter>Engine</Filter>
    </ClCompile>
    <ClCompile Include="Engine\OceanFFT.cpp">
      <Filter>Engine</Filter>
    </ClCompile>
    <ClCompile Include="Engine\OpenGL.cpp">
      <Filter>Engine</Filter>
    </ClCompile>
    <ClCompile Include="Engine\Shader.cpp">
      <Filter>Engine</Filter>
    </ClCompile>
    <ClCompile Include="Engine\Shadow.cpp">
      <Filter>Engine</Filter>
    </ClCompile>
    <ClCompile Include="Engine\Spectrum.cpp">
      <Filter>Engine</Filter>
    </ClCompile>
    <ClCompile Include="Engine\Texture.cpp">
      <Filter>Engine</Filter>
    </ClCompile>
    <ClCompile Include="Engine\Transform.cpp">
      <Filter>Engine</Filter>
    </ClCompile>
    <ClCompile Include="Engine\WindowWin.cpp">
      <Filter>Engine</Filter>
    </ClCompile>
  </ItemGroup>
  <ItemGroup>
    <ClInclude Include="Engine\AdvancedMaterial.hpp">
      <Filter>Engine</Filter>
    </ClInclude>
    <ClInclude Include="Engine\App.hpp">
      <Filter>Engine</Filter>
    </ClInclude>
    <ClInclude Include="Engine\Camera.hpp">
      <Filter>Engine</Filter>
    </ClInclude>
    <ClInclude Include="Engine\CloudsCG.hpp">
      <Filter>Engine</Filter>
    </ClInclude>
    <ClInclude Include="Engine\CloudSystem.hpp">
      <Filter>Engine</Filter>
    </ClInclude>
    <ClInclude Include="Engine\Integrator.hpp">
      <Filter>Engine</Filter>
    </ClInclude>
    <ClInclude Include="Engine\Light.hpp">
      <Filter>Engine</Filter>
    </ClInclude>
    <ClInclude Include="Engine\Material.hpp">
      <Filter>Engine</Filter>
    </ClInclude>
    <ClInclude Include="Engine\Mesh.hpp">
      <Filter>Engine</Filter>
    </ClInclude>
    <ClInclude Include="Engine\Ocean.hpp">
      <Filter>Engine</Filter>
    </ClInclude>
    <ClInclude Include="Engine\OceanCG.hpp">
      <Filter>Engine</Filter>
    </ClInclude>
    <ClInclude Include="Engine\OceanFFT.hpp">
      <Filter>Engine</Filter>
    </ClInclude>
    <ClInclude Include="Engine\OpenGL.hpp">
      <Filter>Engine</Filter>
    </ClInclude>
    <ClInclude Include="Engine\Shader.hpp">
      <Filter>Engine</Filter>
    </ClInclude>
    <ClInclude Include="Engine\Shadow.hpp">
      <Filter>Engine</Filter>
    </ClInclude>
    <ClInclude Include="Engine\Spectrum.h">
      <Filter>Engine</Filter>
    </ClInclude>
    <ClInclude Include="Engine\Spectrum.hpp">
      <Filter>Engine</Filter>
    </ClInclude>
    <ClInclude Include="Engine\Texture.hpp">
      <Filter>Engine</Filter>
    </ClInclude>
    <ClInclude Include="Engine\Transform.hpp">
      <Filter>Engine</Filter>
    </ClInclude>
    <ClInclude Include="Engine\Vertex.hpp">
      <Filter>Engine</Filter>
    </ClInclude>
    <ClInclude Include="Engine\WindowWin.hpp">
      <Filter>Engine</Filter>
    </ClInclude>
  </ItemGroup>
  <ItemGroup>
    <Filter Include="Engine">
      <UniqueIdentifier>{faedeeef-b969-4dae-a02b-eec3ddc52f57}</UniqueIdentifier>
    </Filter>
  </ItemGroup>
  <ItemGroup>
    <None Include="README.md">
      <Filter>Engine</Filter>
    </None>
  </ItemGroup>
</Project>